
Microsoft Visual Studio Solution File, Format Version 12.00
# Visual Studio Version 17
VisualStudioVersion = 17.9.34728.123
MinimumVisualStudioVersion = 10.0.40219.1
Project("{FAE04EC0-301F-11D3-BF4B-00C04F79EFBC}") = "Assignment1.3.1", "Assignment1.3.1.csproj", "{9B52E477-B6EE-413F-802F-038B4561C96C}"
EndProject
Global
	GlobalSection(SolutionConfigurationPlatforms) = preSolution
		Debug|Any CPU = Debug|Any CPU
		Release|Any CPU = Release|Any CPU
	EndGlobalSection
	GlobalSection(ProjectConfigurationPlatforms) = postSolution
		{9B52E477-B6EE-413F-802F-038B4561C96C}.Debug|Any CPU.ActiveCfg = Debug|Any CPU
		{9B52E477-B6EE-413F-802F-038B4561C96C}.Debug|Any CPU.Build.0 = Debug|Any CPU
		{9B52E477-B6EE-413F-802F-038B4561C96C}.Release|Any CPU.ActiveCfg = Release|Any CPU
		{9B52E477-B6EE-413F-802F-038B4561C96C}.Release|Any CPU.Build.0 = Release|Any CPU
	EndGlobalSection
	GlobalSection(SolutionProperties) = preSolution
		HideSolutionNode = FALSE
	EndGlobalSection
	GlobalSection(ExtensibilityGlobals) = postSolution
		SolutionGuid = {F13EF339-282E-4AA9-9D5B-40E176538F9B}
	EndGlobalSection
EndGlobal
